{
    "version": 3,
    "terraform_version": "0.9.2",
    "serial": 0,
    "lineage": "90bc51a6-c1a4-458b-ba5c-665121245e06",
    "modules": [
        {
            "path": [
                "root"
            ],
            "outputs": {},
            "resources": {
                "aws_instance.jenkins": {
                    "type": "aws_instance",
                    "depends_on": [],
                    "primary": {
                        "id": "i-0758e6fab808ffc3f",
                        "attributes": {
                            "ami": "ami-f173cc91",
                            "associate_public_ip_address": "true",
                            "availability_zone": "us-west-2c",
                            "disable_api_termination": "false",
                            "ebs_block_device.#": "0",
                            "ebs_optimized": "false",
                            "ephemeral_block_device.#": "0",
                            "iam_instance_profile": "",
                            "id": "i-0758e6fab808ffc3f",
                            "instance_state": "running",
                            "instance_type": "t2.micro",
                            "ipv6_address_count": "0",
                            "ipv6_addresses.#": "0",
                            "key_name": "Thal_terraform_keys",
                            "monitoring": "false",
                            "network_interface_id": "eni-243f4d76",
                            "private_dns": "ip-172-31-10-180.us-west-2.compute.internal",
                            "private_ip": "172.31.10.180",
                            "public_dns": "ec2-35-165-217-206.us-west-2.compute.amazonaws.com",
                            "public_ip": "35.165.217.206",
                            "root_block_device.#": "1",
                            "root_block_device.0.delete_on_termination": "true",
                            "root_block_device.0.iops": "100",
                            "root_block_device.0.volume_size": "8",
                            "root_block_device.0.volume_type": "gp2",
                            "security_groups.#": "0",
                            "source_dest_check": "true",
                            "subnet_id": "subnet-1bbfa643",
                            "tags.%": "1",
                            "tags.Name": "HelloWorld",
                            "tenancy": "default",
                            "user_data": "d679d06373c2ea0f63c81cbb4aea791464cf5816",
                            "vpc_security_group_ids.#": "1",
                            "vpc_security_group_ids.2021037473": "sg-c7aa50bc"
                        },
                        "meta": {
                            "schema_version": "1"
                        },
                        "tainted": false
                    },
                    "deposed": [],
                    "provider": ""
                }
            },
            "depends_on": []
        }
    ]
}
